
Microsoft Visual Studio Solution File, Format Version 12.00
# Visual Studio Version 17
VisualStudioVersion = 17.14.36518.9 d17.14
MinimumVisualStudioVersion = 10.0.40219.1
Project("{FAE04EC0-301F-11D3-BF4B-00C04F79EFBC}") = "Vokhmyanina_GUN40_FinalTask", "Vokhmyanina_GUN40_FinalTask.csproj", "{6E3CEF11-14E0-42C9-B396-CC3A2A12AD81}"
EndProject
Global
	GlobalSection(SolutionConfigurationPlatforms) = preSolution
		Debug|Any CPU = Debug|Any CPU
		Release|Any CPU = Release|Any CPU
	EndGlobalSection
	GlobalSection(ProjectConfigurationPlatforms) = postSolution
		{6E3CEF11-14E0-42C9-B396-CC3A2A12AD81}.Debug|Any CPU.ActiveCfg = Debug|Any CPU
		{6E3CEF11-14E0-42C9-B396-CC3A2A12AD81}.Debug|Any CPU.Build.0 = Debug|Any CPU
		{6E3CEF11-14E0-42C9-B396-CC3A2A12AD81}.Release|Any CPU.ActiveCfg = Release|Any CPU
		{6E3CEF11-14E0-42C9-B396-CC3A2A12AD81}.Release|Any CPU.Build.0 = Release|Any CPU
	EndGlobalSection
	GlobalSection(SolutionProperties) = preSolution
		HideSolutionNode = FALSE
	EndGlobalSection
	GlobalSection(ExtensibilityGlobals) = postSolution
		SolutionGuid = {2528AD42-A9EA-4A29-B297-7AB3904489E3}
	EndGlobalSection
EndGlobal
